// !$*UTF8*$!
{
	archiveVersion = 1;
	classes = {
	};
	objectVersion = 46;
	objects = {

/* Begin PBXBuildFile section */
		412D64F51C8B497A00D7DF54 /* ItemCell.swift in Sources */ = {isa = PBXBuildFile; fileRef = 412D64F41C8B497A00D7DF54 /* ItemCell.swift */; };
		419F0B011C6F77F000D06CD8 /* AppDelegate.swift in Sources */ = {isa = PBXBuildFile; fileRef = 419F0B001C6F77F000D06CD8 /* AppDelegate.swift */; };
		419F0B061C6F77F000D06CD8 /* Main.storyboard in Resources */ = {isa = PBXBuildFile; fileRef = 419F0B041C6F77F000D06CD8 /* Main.storyboard */; };
		419F0B081C6F77F000D06CD8 /* Assets.xcassets in Resources */ = {isa = PBXBuildFile; fileRef = 419F0B071C6F77F000D06CD8 /* Assets.xcassets */; };
		419F0B0B1C6F77F000D06CD8 /* LaunchScreen.storyboard in Resources */ = {isa = PBXBuildFile; fileRef = 419F0B091C6F77F000D06CD8 /* LaunchScreen.storyboard */; };
		419F0B131C6F793500D06CD8 /* ItemsViewController.swift in Sources */ = {isa = PBXBuildFile; fileRef = 419F0B121C6F793500D06CD8 /* ItemsViewController.swift */; };
		419F0B151C6F7B9200D06CD8 /* Item.swift in Sources */ = {isa = PBXBuildFile; fileRef = 419F0B141C6F7B9200D06CD8 /* Item.swift */; };
		419F0B171C6F809C00D06CD8 /* ItemStore.swift in Sources */ = {isa = PBXBuildFile; fileRef = 419F0B161C6F809C00D06CD8 /* ItemStore.swift */; };
		41B8715A1C9DCABC005A4298 /* DetailViewController.swift in Sources */ = {isa = PBXBuildFile; fileRef = 41B871591C9DCABC005A4298 /* DetailViewController.swift */; };
/* End PBXBuildFile section */

/* Begin PBXFileReference section */
		412D64F41C8B497A00D7DF54 /* ItemCell.swift */ = {isa = PBXFileReference; fileEncoding = 4; lastKnownFileType = sourcecode.swift; path = ItemCell.swift; sourceTree = "<group>"; };
		419F0AFD1C6F77F000D06CD8 /* Homepwner.app */ = {isa = PBXFileReference; explicitFileType = wrapper.application; includeInIndex = 0; path = Homepwner.app; sourceTree = BUILT_PRODUCTS_DIR; };
		419F0B001C6F77F000D06CD8 /* AppDelegate.swift */ = {isa = PBXFileReference; lastKnownFileType = sourcecode.swift; path = AppDelegate.swift; sourceTree = "<group>"; };
		419F0B051C6F77F000D06CD8 /* Base */ = {isa = PBXFileReference; lastKnownFileType = file.storyboard; name = Base; path = Base.lproj/Main.storyboard; sourceTree = "<group>"; };
		419F0B071C6F77F000D06CD8 /* Assets.xcassets */ = {isa = PBXFileReference; lastKnownFileType = folder.assetcatalog; path = Assets.xcassets; sourceTree = "<group>"; };
		419F0B0A1C6F77F000D06CD8 /* Base */ = {isa = PBXFileReference; lastKnownFileType = file.storyboard; name = Base; path = Base.lproj/LaunchScreen.storyboard; sourceTree = "<group>"; };
		419F0B0C1C6F77F000D06CD8 /* Info.plist */ = {isa = PBXFileReference; lastKnownFileType = text.plist.xml; path = Info.plist; sourceTree = "<group>"; };
		419F0B121C6F793500D06CD8 /* ItemsViewController.swift */ = {isa = PBXFileReference; fileEncoding = 4; lastKnownFileType = sourcecode.swift; path = ItemsViewController.swift; sourceTree = "<group>"; };
		419F0B141C6F7B9200D06CD8 /* Item.swift */ = {isa = PBXFileReference; fileEncoding = 4; lastKnownFileType = sourcecode.swift; path = Item.swift; sourceTree = "<group>"; };
		419F0B161C6F809C00D06CD8 /* ItemStore.swift */ = {isa = PBXFileReference; fileEncoding = 4; lastKnownFileType = sourcecode.swift; path = ItemStore.swift; sourceTree = "<group>"; };
		41B871591C9DCABC005A4298 /* DetailViewController.swift */ = {isa = PBXFileReference; fileEncoding = 4; lastKnownFileType = sourcecode.swift; path = DetailViewController.swift; sourceTree = "<group>"; };
/* End PBXFileReference section */

/* Begin PBXFrameworksBuildPhase section */
		419F0AFA1C6F77F000D06CD8 /* Frameworks */ = {
			isa = PBXFrameworksBuildPhase;
			buildActionMask = 2147483647;
			files = (
			);
			runOnlyForDeploymentPostprocessing = 0;
		};
/* End PBXFrameworksBuildPhase section */

/* Begin PBXGroup section */
		419F0AF41C6F77F000D06CD8 = {
			isa = PBXGroup;
			children = (
				419F0AFF1C6F77F000D06CD8 /* Homepwner */,
				419F0AFE1C6F77F000D06CD8 /* Products */,
			);
			sourceTree = "<group>";
		};
		419F0AFE1C6F77F000D06CD8 /* Products */ = {
			isa = PBXGroup;
			children = (
				419F0AFD1C6F77F000D06CD8 /* Homepwner.app */,
			);
			name = Products;
			sourceTree = "<group>";
		};
		419F0AFF1C6F77F000D06CD8 /* Homepwner */ = {
			isa = PBXGroup;
			children = (
				419F0B001C6F77F000D06CD8 /* AppDelegate.swift */,
				419F0B041C6F77F000D06CD8 /* Main.storyboard */,
				419F0B071C6F77F000D06CD8 /* Assets.xcassets */,
				419F0B091C6F77F000D06CD8 /* LaunchScreen.storyboard */,
				419F0B0C1C6F77F000D06CD8 /* Info.plist */,
				419F0B121C6F793500D06CD8 /* ItemsViewController.swift */,
				419F0B141C6F7B9200D06CD8 /* Item.swift */,
				419F0B161C6F809C00D06CD8 /* ItemStore.swift */,
				412D64F41C8B497A00D7DF54 /* ItemCell.swift */,
				41B871591C9DCABC005A4298 /* DetailViewController.swift */,
			);
			path = Homepwner;
			sourceTree = "<group>";
		};
/* End PBXGroup section */

/* Begin PBXNativeTarget section */
		419F0AFC1C6F77F000D06CD8 /* Homepwner */ = {
			isa = PBXNativeTarget;
			buildConfigurationList = 419F0B0F1C6F77F000D06CD8 /* Build configuration list for PBXNativeTarget "Homepwner" */;
			buildPhases = (
				419F0AF91C6F77F000D06CD8 /* Sources */,
				419F0AFA1C6F77F000D06CD8 /* Frameworks */,
				419F0AFB1C6F77F000D06CD8 /* Resources */,
			);
			buildRules = (
			);
			dependencies = (
			);
			name = Homepwner;
			productName = Homepwner;
			productReference = 419F0AFD1C6F77F000D06CD8 /* Homepwner.app */;
			productType = "com.apple.product-type.application";
		};
/* End PBXNativeTarget section */

/* Begin PBXProject section */
		419F0AF51C6F77F000D06CD8 /* Project object */ = {
			isa = PBXProject;
			attributes = {
				LastSwiftUpdateCheck = 0720;
				LastUpgradeCheck = 0720;
				ORGANIZATIONNAME = "Big Nerd Ranch";
				TargetAttributes = {
					419F0AFC1C6F77F000D06CD8 = {
						CreatedOnToolsVersion = 7.2.1;
						DevelopmentTeam = C5ULR574M3;
					};
				};
			};
			buildConfigurationList = 419F0AF81C6F77F000D06CD8 /* Build configuration list for PBXProject "Homepwner" */;
			compatibilityVersion = "Xcode 3.2";
			developmentRegion = English;
			hasScannedForEncodings = 0;
			knownRegions = (
				en,
				Base,
			);
			mainGroup = 419F0AF41C6F77F000D06CD8;
			productRefGroup = 419F0AFE1C6F77F000D06CD8 /* Products */;
			projectDirPath = "";
			projectRoot = "";
			targets = (
				419F0AFC1C6F77F000D06CD8 /* Homepwner */,
			);
		};
/* End PBXProject section */

/* Begin PBXResourcesBuildPhase section */
		419F0AFB1C6F77F000D06CD8 /* Resources */ = {
			isa = PBXResourcesBuildPhase;
			buildActionMask = 2147483647;
			files = (
				419F0B0B1C6F77F000D06CD8 /* LaunchScreen.storyboard in Resources */,
				419F0B081C6F77F000D06CD8 /* Assets.xcassets in Resources */,
				419F0B061C6F77F000D06CD8 /* Main.storyboard in Resources */,
			);
			runOnlyForDeploymentPostprocessing = 0;
		};
/* End PBXResourcesBuildPhase section */

/* Begin PBXSourcesBuildPhase section */
		419F0AF91C6F77F000D06CD8 /* Sources */ = {
			isa = PBXSourcesBuildPhase;
			buildActionMask = 2147483647;
			files = (
				419F0B131C6F793500D06CD8 /* ItemsViewController.swift in Sources */,
				419F0B151C6F7B9200D06CD8 /* Item.swift in Sources */,
				419F0B171C6F809C00D06CD8 /* ItemStore.swift in Sources */,
				41B8715A1C9DCABC005A4298 /* DetailViewController.swift in Sources */,
				419F0B011C6F77F000D06CD8 /* AppDelegate.swift in Sources */,
				412D64F51C8B497A00D7DF54 /* ItemCell.swift in Sources */,
			);
			runOnlyForDeploymentPostprocessing = 0;
		};
/* End PBXSourcesBuildPhase section */

/* Begin PBXVariantGroup section */
		419F0B041C6F77F000D06CD8 /* Main.storyboard */ = {
			isa = PBXVariantGroup;
			children = (
				419F0B051C6F77F000D06CD8 /* Base */,
			);
			name = Main.storyboard;
			sourceTree = "<group>";
		};
		419F0B091C6F77F000D06CD8 /* LaunchScreen.storyboard */ = {
			isa = PBXVariantGroup;
			children = (
				419F0B0A1C6F77F000D06CD8 /* Base */,
			);
			name = LaunchScreen.storyboard;
			sourceTree = "<group>";
		};
/* End PBXVariantGroup section */

/* Begin XCBuildConfiguration section */
		419F0B0D1C6F77F000D06CD8 /* Debug */ = {
			isa = XCBuildConfiguration;
			buildSettings = {
				ALWAYS_SEARCH_USER_PATHS = NO;
				CLANG_CXX_LANGUAGE_STANDARD = "gnu++0x";
				CLANG_CXX_LIBRARY = "libc++";
				CLANG_ENABLE_MODULES = YES;
				CLANG_ENABLE_OBJC_ARC = YES;
				CLANG_WARN_BOOL_CONVERSION = YES;
				CLANG_WARN_CONSTANT_CONVERSION = YES;
				CLANG_WARN_DIRECT_OBJC_ISA_USAGE = YES_ERROR;
				CLANG_WARN_EMPTY_BODY = YES;
				CLANG_WARN_ENUM_CONVERSION = YES;
				CLANG_WARN_INT_CONVERSION = YES;
				CLANG_WARN_OBJC_ROOT_CLASS = YES_ERROR;
				CLANG_WARN_UNREACHABLE_CODE = YES;
				CLANG_WARN__DUPLICATE_METHOD_MATCH = YES;
				"CODE_SIGN_IDENTITY[sdk=iphoneos*]" = "iPhone Developer";
				COPY_PHASE_STRIP = NO;
				DEBUG_INFORMATION_FORMAT = dwarf;
				ENABLE_STRICT_OBJC_MSGSEND = YES;
				ENABLE_TESTABILITY = YES;
				GCC_C_LANGUAGE_STANDARD = gnu99;
				GCC_DYNAMIC_NO_PIC = NO;
				GCC_NO_COMMON_BLOCKS = YES;
				GCC_OPTIMIZATION_LEVEL = 0;
				GCC_PREPROCESSOR_DEFINITIONS = (
					"DEBUG=1",
					"$(inherited)",
				);
				GCC_WARN_64_TO_32_BIT_CONVERSION = YES;
				GCC_WARN_ABOUT_RETURN_TYPE = YES_ERROR;
				GCC_WARN_UNDECLARED_SELECTOR = YES;
				GCC_WARN_UNINITIALIZED_AUTOS = YES_AGGRESSIVE;
				GCC_WARN_UNUSED_FUNCTION = YES;
				GCC_WARN_UNUSED_VARIABLE = YES;
				IPHONEOS_DEPLOYMENT_TARGET = 9.2;
				MTL_ENABLE_DEBUG_INFO = YES;
				ONLY_ACTIVE_ARCH = YES;
				SDKROOT = iphoneos;
				SWIFT_OPTIMIZATION_LEVEL = "-Onone";
			};
			name = Debug;
		};
		419F0B0E1C6F77F000D06CD8 /* Release */ = {
			isa = XCBuildConfiguration;
			buildSettings = {
				ALWAYS_SEARCH_USER_PATHS = NO;
				CLANG_CXX_LANGUAGE_STANDARD = "gnu++0x";
				CLANG_CXX_LIBRARY = "libc++";
				CLANG_ENABLE_MODULES = YES;
				CLANG_ENABLE_OBJC_ARC = YES;
				CLANG_WARN_BOOL_CONVERSION = YES;
				CLANG_WARN_CONSTANT_CONVERSION = YES;
				CLANG_WARN_DIRECT_OBJC_ISA_USAGE = YES_ERROR;
				CLANG_WARN_EMPTY_BODY = YES;
				CLANG_WARN_ENUM_CONVERSION = YES;
				CLANG_WARN_INT_CONVERSION = YES;
				CLANG_WARN_OBJC_ROOT_CLASS = YES_ERROR;
				CLANG_WARN_UNREACHABLE_CODE = YES;
				CLANG_WARN__DUPLICATE_METHOD_MATCH = YES;
				"CODE_SIGN_IDENTITY[sdk=iphoneos*]" = "iPhone Developer";
				COPY_PHASE_STRIP = NO;
				DEBUG_INFORMATION_FORMAT = "dwarf-with-dsym";
				ENABLE_NS_ASSERTIONS = NO;
				ENABLE_STRICT_OBJC_MSGSEND = YES;
				GCC_C_LANGUAGE_STANDARD = gnu99;
				GCC_NO_COMMON_BLOCKS = YES;
				GCC_WARN_64_TO_32_BIT_CONVERSION = YES;
				GCC_WARN_ABOUT_RETURN_TYPE = YES_ERROR;
				GCC_WARN_UNDECLARED_SELECTOR = YES;
				GCC_WARN_UNINITIALIZED_AUTOS = YES_AGGRESSIVE;
				GCC_WARN_UNUSED_FUNCTION = YES;
				GCC_WARN_UNUSED_VARIABLE = YES;
				IPHONEOS_DEPLOYMENT_TARGET = 9.2;
				MTL_ENABLE_DEBUG_INFO = NO;
				SDKROOT = iphoneos;
				VALIDATE_PRODUCT = YES;
			};
			name = Release;
		};
		419F0B101C6F77F000D06CD8 /* Debug */ = {
			isa = XCBuildConfiguration;
			buildSettings = {
				ASSETCATALOG_COMPILER_APPICON_NAME = AppIcon;
				INFOPLIST_FILE = Homepwner/Info.plist;
				LD_RUNPATH_SEARCH_PATHS = "$(inherited) @executable_path/Frameworks";
				PRODUCT_BUNDLE_IDENTIFIER = com.bignerdranch.Homepwner;
				PRODUCT_NAME = "$(TARGET_NAME)";
			};
			name = Debug;
		};
		419F0B111C6F77F000D06CD8 /* Release */ = {
			isa = XCBuildConfiguration;
			buildSettings = {
				ASSETCATALOG_COMPILER_APPICON_NAME = AppIcon;
				INFOPLIST_FILE = Homepwner/Info.plist;
				LD_RUNPATH_SEARCH_PATHS = "$(inherited) @executable_path/Frameworks";
				PRODUCT_BUNDLE_IDENTIFIER = com.bignerdranch.Homepwner;
				PRODUCT_NAME = "$(TARGET_NAME)";
			};
			name = Release;
		};
/* End XCBuildConfiguration section */

/* Begin XCConfigurationList section */
		419F0AF81C6F77F000D06CD8 /* Build configuration list for PBXProject "Homepwner" */ = {
			isa = XCConfigurationList;
			buildConfigurations = (
				419F0B0D1C6F77F000D06CD8 /* Debug */,
				419F0B0E1C6F77F000D06CD8 /* Release */,
			);
			defaultConfigurationIsVisible = 0;
			defaultConfigurationName = Release;
		};
		419F0B0F1C6F77F000D06CD8 /* Build configuration list for PBXNativeTarget "Homepwner" */ = {
			isa = XCConfigurationList;
			buildConfigurations = (
				419F0B101C6F77F000D06CD8 /* Debug */,
				419F0B111C6F77F000D06CD8 /* Release */,
			);
			defaultConfigurationIsVisible = 0;
			defaultConfigurationName = Release;
		};
/* End XCConfigurationList section */
	};
	rootObject = 419F0AF51C6F77F000D06CD8 /* Project object */;
}
